
Microsoft Visual Studio Solution File, Format Version 12.00
# Visual Studio Version 17
VisualStudioVersion = 17.11.35327.3
MinimumVisualStudioVersion = 10.0.40219.1
Project("{9A19103F-16F7-4668-BE54-9A1E7A4F7556}") = "PartA.Logic", "Logic\PartA.Logic.csproj", "{C01A6D46-3486-4C7D-AC1C-0BD87E6A82FB}"
EndProject
Project("{9A19103F-16F7-4668-BE54-9A1E7A4F7556}") = "Tests", "Tests\Tests.csproj", "{CE9289BE-25FB-429E-AE55-8A2D0F987FBA}"
EndProject
Project("{FAE04EC0-301F-11D3-BF4B-00C04F79EFBC}") = "PartB.Logic", "PartB.Logic\PartB.Logic.csproj", "{8B894F2B-475E-481C-BCC7-F3DC0031F006}"
EndProject
Global
	GlobalSection(SolutionConfigurationPlatforms) = preSolution
		Debug|Any CPU = Debug|Any CPU
		Release|Any CPU = Release|Any CPU
	EndGlobalSection
	GlobalSection(ProjectConfigurationPlatforms) = postSolution
		{C01A6D46-3486-4C7D-AC1C-0BD87E6A82FB}.Debug|Any CPU.ActiveCfg = Debug|Any CPU
		{C01A6D46-3486-4C7D-AC1C-0BD87E6A82FB}.Debug|Any CPU.Build.0 = Debug|Any CPU
		{C01A6D46-3486-4C7D-AC1C-0BD87E6A82FB}.Release|Any CPU.ActiveCfg = Release|Any CPU
		{C01A6D46-3486-4C7D-AC1C-0BD87E6A82FB}.Release|Any CPU.Build.0 = Release|Any CPU
		{CE9289BE-25FB-429E-AE55-8A2D0F987FBA}.Debug|Any CPU.ActiveCfg = Debug|Any CPU
		{CE9289BE-25FB-429E-AE55-8A2D0F987FBA}.Debug|Any CPU.Build.0 = Debug|Any CPU
		{CE9289BE-25FB-429E-AE55-8A2D0F987FBA}.Release|Any CPU.ActiveCfg = Release|Any CPU
		{CE9289BE-25FB-429E-AE55-8A2D0F987FBA}.Release|Any CPU.Build.0 = Release|Any CPU
		{8B894F2B-475E-481C-BCC7-F3DC0031F006}.Debug|Any CPU.ActiveCfg = Debug|Any CPU
		{8B894F2B-475E-481C-BCC7-F3DC0031F006}.Debug|Any CPU.Build.0 = Debug|Any CPU
		{8B894F2B-475E-481C-BCC7-F3DC0031F006}.Release|Any CPU.ActiveCfg = Release|Any CPU
		{8B894F2B-475E-481C-BCC7-F3DC0031F006}.Release|Any CPU.Build.0 = Release|Any CPU
	EndGlobalSection
	GlobalSection(SolutionProperties) = preSolution
		HideSolutionNode = FALSE
	EndGlobalSection
	GlobalSection(ExtensibilityGlobals) = postSolution
		SolutionGuid = {7E881650-755B-49EB-93D2-5A6A3563C0CD}
	EndGlobalSection
EndGlobal
